
Microsoft Visual Studio Solution File, Format Version 12.00
# Visual Studio Version 16
VisualStudioVersion = 16.0.29424.173
MinimumVisualStudioVersion = 10.0.40219.1
Project("{9A19103F-16F7-4668-BE54-9A1E7A4F7556}") = "App.UI", "App\App.UI.csproj", "{EA1ED7BA-2C79-4759-AD44-7E59A17987F2}"
EndProject
Project("{9A19103F-16F7-4668-BE54-9A1E7A4F7556}") = "App.Domain", "App.Domain\App.Domain.csproj", "{2810D19F-E267-4DB8-9935-C17568F8E20C}"
EndProject
Project("{9A19103F-16F7-4668-BE54-9A1E7A4F7556}") = "App.Database", "App.Database\App.Database.csproj", "{91AA1AA8-0D6B-452F-AF71-B8B41E2D229B}"
EndProject
Project("{9A19103F-16F7-4668-BE54-9A1E7A4F7556}") = "App.Aplication", "App.Aplication\App.Aplication.csproj", "{C5F05DA6-FFA4-4B30-9D13-B15951E55100}"
EndProject
Global
	GlobalSection(SolutionConfigurationPlatforms) = preSolution
		Debug|Any CPU = Debug|Any CPU
		Release|Any CPU = Release|Any CPU
	EndGlobalSection
	GlobalSection(ProjectConfigurationPlatforms) = postSolution
		{EA1ED7BA-2C79-4759-AD44-7E59A17987F2}.Debug|Any CPU.ActiveCfg = Debug|Any CPU
		{EA1ED7BA-2C79-4759-AD44-7E59A17987F2}.Debug|Any CPU.Build.0 = Debug|Any CPU
		{EA1ED7BA-2C79-4759-AD44-7E59A17987F2}.Release|Any CPU.ActiveCfg = Release|Any CPU
		{EA1ED7BA-2C79-4759-AD44-7E59A17987F2}.Release|Any CPU.Build.0 = Release|Any CPU
		{2810D19F-E267-4DB8-9935-C17568F8E20C}.Debug|Any CPU.ActiveCfg = Debug|Any CPU
		{2810D19F-E267-4DB8-9935-C17568F8E20C}.Debug|Any CPU.Build.0 = Debug|Any CPU
		{2810D19F-E267-4DB8-9935-C17568F8E20C}.Release|Any CPU.ActiveCfg = Release|Any CPU
		{2810D19F-E267-4DB8-9935-C17568F8E20C}.Release|Any CPU.Build.0 = Release|Any CPU
		{91AA1AA8-0D6B-452F-AF71-B8B41E2D229B}.Debug|Any CPU.ActiveCfg = Debug|Any CPU
		{91AA1AA8-0D6B-452F-AF71-B8B41E2D229B}.Debug|Any CPU.Build.0 = Debug|Any CPU
		{91AA1AA8-0D6B-452F-AF71-B8B41E2D229B}.Release|Any CPU.ActiveCfg = Release|Any CPU
		{91AA1AA8-0D6B-452F-AF71-B8B41E2D229B}.Release|Any CPU.Build.0 = Release|Any CPU
		{C5F05DA6-FFA4-4B30-9D13-B15951E55100}.Debug|Any CPU.ActiveCfg = Debug|Any CPU
		{C5F05DA6-FFA4-4B30-9D13-B15951E55100}.Debug|Any CPU.Build.0 = Debug|Any CPU
		{C5F05DA6-FFA4-4B30-9D13-B15951E55100}.Release|Any CPU.ActiveCfg = Release|Any CPU
		{C5F05DA6-FFA4-4B30-9D13-B15951E55100}.Release|Any CPU.Build.0 = Release|Any CPU
	EndGlobalSection
	GlobalSection(SolutionProperties) = preSolution
		HideSolutionNode = FALSE
	EndGlobalSection
	GlobalSection(ExtensibilityGlobals) = postSolution
		SolutionGuid = {22FF5411-A885-4452-B211-C4B9092920A0}
	EndGlobalSection
EndGlobal
